
Microsoft Visual Studio Solution File, Format Version 12.00
# Visual Studio 15
VisualStudioVersion = 15.0.28307.1972
MinimumVisualStudioVersion = 10.0.40219.1
Project("{FAE04EC0-301F-11D3-BF4B-00C04F79EFBC}") = "VariantEditorControl", "VariantEditorControl.csproj", "{FE334C5B-A7E1-4BBF-8F34-81F13C7545FE}"
EndProject
Project("{FAE04EC0-301F-11D3-BF4B-00C04F79EFBC}") = "ExampleWinFormApp", "ExampleWinFormApp\ExampleWinFormApp.csproj", "{79741127-01DC-4891-9842-6DA2CF096597}"
EndProject
Global
	GlobalSection(SolutionConfigurationPlatforms) = preSolution
		Debug|Any CPU = Debug|Any CPU
		Debug|x64 = Debug|x64
		Release|Any CPU = Release|Any CPU
		Release|x64 = Release|x64
	EndGlobalSection
	GlobalSection(ProjectConfigurationPlatforms) = postSolution
		{FE334C5B-A7E1-4BBF-8F34-81F13C7545FE}.Debug|Any CPU.ActiveCfg = Debug|Any CPU
		{FE334C5B-A7E1-4BBF-8F34-81F13C7545FE}.Debug|Any CPU.Build.0 = Debug|Any CPU
		{FE334C5B-A7E1-4BBF-8F34-81F13C7545FE}.Debug|x64.ActiveCfg = Debug|x64
		{FE334C5B-A7E1-4BBF-8F34-81F13C7545FE}.Debug|x64.Build.0 = Debug|x64
		{FE334C5B-A7E1-4BBF-8F34-81F13C7545FE}.Release|Any CPU.ActiveCfg = Debug|Any CPU
		{FE334C5B-A7E1-4BBF-8F34-81F13C7545FE}.Release|Any CPU.Build.0 = Debug|Any CPU
		{FE334C5B-A7E1-4BBF-8F34-81F13C7545FE}.Release|x64.ActiveCfg = Debug|x64
		{FE334C5B-A7E1-4BBF-8F34-81F13C7545FE}.Release|x64.Build.0 = Debug|x64
		{79741127-01DC-4891-9842-6DA2CF096597}.Debug|Any CPU.ActiveCfg = Debug|Any CPU
		{79741127-01DC-4891-9842-6DA2CF096597}.Debug|Any CPU.Build.0 = Debug|Any CPU
		{79741127-01DC-4891-9842-6DA2CF096597}.Debug|x64.ActiveCfg = Debug|x64
		{79741127-01DC-4891-9842-6DA2CF096597}.Debug|x64.Build.0 = Debug|x64
		{79741127-01DC-4891-9842-6DA2CF096597}.Release|Any CPU.ActiveCfg = Debug|Any CPU
		{79741127-01DC-4891-9842-6DA2CF096597}.Release|Any CPU.Build.0 = Debug|Any CPU
		{79741127-01DC-4891-9842-6DA2CF096597}.Release|x64.ActiveCfg = Debug|x64
		{79741127-01DC-4891-9842-6DA2CF096597}.Release|x64.Build.0 = Debug|x64
	EndGlobalSection
	GlobalSection(SolutionProperties) = preSolution
		HideSolutionNode = FALSE
	EndGlobalSection
	GlobalSection(ExtensibilityGlobals) = postSolution
		SolutionGuid = {613D9F40-E311-4D07-A417-7E7198C32C8D}
	EndGlobalSection
EndGlobal
